
Microsoft Visual Studio Solution File, Format Version 12.00
# Visual Studio Version 16
VisualStudioVersion = 16.0.31321.278
MinimumVisualStudioVersion = 10.0.40219.1
Project("{8BC9CEB8-8B4A-11D0-8D11-00A0C91BC942}") = "Compiler", "Compiler.vcxproj", "{C5D2568B-7509-4F26-8315-62EA13D38D0B}"
EndProject
Global
	GlobalSection(SolutionConfigurationPlatforms) = preSolution
		Debug|x64 = Debug|x64
		Debug|x86 = Debug|x86
		Release|x64 = Release|x64
		Release|x86 = Release|x86
	EndGlobalSection
	GlobalSection(ProjectConfigurationPlatforms) = postSolution
		{C5D2568B-7509-4F26-8315-62EA13D38D0B}.Debug|x64.ActiveCfg = Debug|x64
		{C5D2568B-7509-4F26-8315-62EA13D38D0B}.Debug|x64.Build.0 = Debug|x64
		{C5D2568B-7509-4F26-8315-62EA13D38D0B}.Debug|x86.ActiveCfg = Debug|Win32
		{C5D2568B-7509-4F26-8315-62EA13D38D0B}.Debug|x86.Build.0 = Debug|Win32
		{C5D2568B-7509-4F26-8315-62EA13D38D0B}.Release|x64.ActiveCfg = Release|x64
		{C5D2568B-7509-4F26-8315-62EA13D38D0B}.Release|x64.Build.0 = Release|x64
		{C5D2568B-7509-4F26-8315-62EA13D38D0B}.Release|x86.ActiveCfg = Release|Win32
		{C5D2568B-7509-4F26-8315-62EA13D38D0B}.Release|x86.Build.0 = Release|Win32
	EndGlobalSection
	GlobalSection(SolutionProperties) = preSolution
		HideSolutionNode = FALSE
	EndGlobalSection
	GlobalSection(ExtensibilityGlobals) = postSolution
		SolutionGuid = {791C5FAC-EC32-496A-B5B3-4D4CF2AFCADE}
	EndGlobalSection
EndGlobal
